
Microsoft Visual Studio Solution File, Format Version 12.00
# Visual Studio Version 17
VisualStudioVersion = 17.10.35013.160
MinimumVisualStudioVersion = 10.0.40219.1
Project("{FAE04EC0-301F-11D3-BF4B-00C04F79EFBC}") = "libertad", "libertad.csproj", "{91EF5301-AF3C-4B9E-BEFD-8F128E409A24}"
EndProject
Global
	GlobalSection(SolutionConfigurationPlatforms) = preSolution
		Debug|Any CPU = Debug|Any CPU
		Release|Any CPU = Release|Any CPU
	EndGlobalSection
	GlobalSection(ProjectConfigurationPlatforms) = postSolution
		{91EF5301-AF3C-4B9E-BEFD-8F128E409A24}.Debug|Any CPU.ActiveCfg = Debug|Any CPU
		{91EF5301-AF3C-4B9E-BEFD-8F128E409A24}.Debug|Any CPU.Build.0 = Debug|Any CPU
		{91EF5301-AF3C-4B9E-BEFD-8F128E409A24}.Release|Any CPU.ActiveCfg = Release|Any CPU
		{91EF5301-AF3C-4B9E-BEFD-8F128E409A24}.Release|Any CPU.Build.0 = Release|Any CPU
	EndGlobalSection
	GlobalSection(SolutionProperties) = preSolution
		HideSolutionNode = FALSE
	EndGlobalSection
	GlobalSection(ExtensibilityGlobals) = postSolution
		SolutionGuid = {BA0149EA-8801-4641-82FD-1B29F8CF34B1}
	EndGlobalSection
EndGlobal
